
Microsoft Visual Studio Solution File, Format Version 12.00
# Visual Studio Version 16
VisualStudioVersion = 16.0.31729.503
MinimumVisualStudioVersion = 10.0.40219.1
Project("{FAE04EC0-301F-11D3-BF4B-00C04F79EFBC}") = "TalkingHeads", "TalkingHeads\TalkingHeads.csproj", "{B11D7584-97DF-46A6-B5FE-E28849FB7CA3}"
EndProject
Global
	GlobalSection(SolutionConfigurationPlatforms) = preSolution
		Debug|Any CPU = Debug|Any CPU
		Release|Any CPU = Release|Any CPU
	EndGlobalSection
	GlobalSection(ProjectConfigurationPlatforms) = postSolution
		{B11D7584-97DF-46A6-B5FE-E28849FB7CA3}.Debug|Any CPU.ActiveCfg = Debug|Any CPU
		{B11D7584-97DF-46A6-B5FE-E28849FB7CA3}.Debug|Any CPU.Build.0 = Debug|Any CPU
		{B11D7584-97DF-46A6-B5FE-E28849FB7CA3}.Release|Any CPU.ActiveCfg = Release|Any CPU
		{B11D7584-97DF-46A6-B5FE-E28849FB7CA3}.Release|Any CPU.Build.0 = Release|Any CPU
	EndGlobalSection
	GlobalSection(SolutionProperties) = preSolution
		HideSolutionNode = FALSE
	EndGlobalSection
	GlobalSection(ExtensibilityGlobals) = postSolution
		SolutionGuid = {20811BAC-36DD-43CE-A0CE-AEA601640AC7}
	EndGlobalSection
EndGlobal
